
Microsoft Visual Studio Solution File, Format Version 12.00
# Visual Studio Version 17
VisualStudioVersion = 17.0.31903.59
MinimumVisualStudioVersion = 10.0.40219.1
Project("{FAE04EC0-301F-11D3-BF4B-00C04F79EFBC}") = "SprintExample.ConsoleHost", "SprintExample.ConsoleHost\SprintExample.ConsoleHost.csproj", "{2180D322-AF8E-4B20-948F-6105FAF4BF88}"
EndProject
Project("{FAE04EC0-301F-11D3-BF4B-00C04F79EFBC}") = "SprintExample.Tests", "SprintExample.Tests\SprintExample.Tests.csproj", "{3C9BF7B5-AB67-47F8-9326-F29AD9486AA2}"
EndProject
Project("{FAE04EC0-301F-11D3-BF4B-00C04F79EFBC}") = "SprintExample", "SprintExample\SprintExample.csproj", "{231862B0-BCA5-4857-8456-820D391E4F76}"
EndProject
Global
	GlobalSection(SolutionConfigurationPlatforms) = preSolution
		Debug|Any CPU = Debug|Any CPU
		Release|Any CPU = Release|Any CPU
	EndGlobalSection
	GlobalSection(SolutionProperties) = preSolution
		HideSolutionNode = FALSE
	EndGlobalSection
	GlobalSection(ProjectConfigurationPlatforms) = postSolution
		{2180D322-AF8E-4B20-948F-6105FAF4BF88}.Debug|Any CPU.ActiveCfg = Debug|Any CPU
		{2180D322-AF8E-4B20-948F-6105FAF4BF88}.Debug|Any CPU.Build.0 = Debug|Any CPU
		{2180D322-AF8E-4B20-948F-6105FAF4BF88}.Release|Any CPU.ActiveCfg = Release|Any CPU
		{2180D322-AF8E-4B20-948F-6105FAF4BF88}.Release|Any CPU.Build.0 = Release|Any CPU
		{3C9BF7B5-AB67-47F8-9326-F29AD9486AA2}.Debug|Any CPU.ActiveCfg = Debug|Any CPU
		{3C9BF7B5-AB67-47F8-9326-F29AD9486AA2}.Debug|Any CPU.Build.0 = Debug|Any CPU
		{3C9BF7B5-AB67-47F8-9326-F29AD9486AA2}.Release|Any CPU.ActiveCfg = Release|Any CPU
		{3C9BF7B5-AB67-47F8-9326-F29AD9486AA2}.Release|Any CPU.Build.0 = Release|Any CPU
		{231862B0-BCA5-4857-8456-820D391E4F76}.Debug|Any CPU.ActiveCfg = Debug|Any CPU
		{231862B0-BCA5-4857-8456-820D391E4F76}.Debug|Any CPU.Build.0 = Debug|Any CPU
		{231862B0-BCA5-4857-8456-820D391E4F76}.Release|Any CPU.ActiveCfg = Release|Any CPU
		{231862B0-BCA5-4857-8456-820D391E4F76}.Release|Any CPU.Build.0 = Release|Any CPU
	EndGlobalSection
EndGlobal
